
Microsoft Visual Studio Solution File, Format Version 12.00
# Visual Studio Version 17
VisualStudioVersion = 17.7.34031.279
MinimumVisualStudioVersion = 10.0.40219.1
Project("{FAE04EC0-301F-11D3-BF4B-00C04F79EFBC}") = "DndTool", "DndTool.csproj", "{D2556580-940D-4D55-BD5C-67C7A214983C}"
EndProject
Project("{FAE04EC0-301F-11D3-BF4B-00C04F79EFBC}") = "DndTool_Tests", "..\DndTool_Tests\DndTool_Tests.csproj", "{6582ECBC-0413-4E34-B06F-063961C6CC2D}"
EndProject
Global
	GlobalSection(SolutionConfigurationPlatforms) = preSolution
		Debug|Any CPU = Debug|Any CPU
		Release|Any CPU = Release|Any CPU
	EndGlobalSection
	GlobalSection(ProjectConfigurationPlatforms) = postSolution
		{D2556580-940D-4D55-BD5C-67C7A214983C}.Debug|Any CPU.ActiveCfg = Debug|Any CPU
		{D2556580-940D-4D55-BD5C-67C7A214983C}.Debug|Any CPU.Build.0 = Debug|Any CPU
		{D2556580-940D-4D55-BD5C-67C7A214983C}.Release|Any CPU.ActiveCfg = Release|Any CPU
		{D2556580-940D-4D55-BD5C-67C7A214983C}.Release|Any CPU.Build.0 = Release|Any CPU
		{6582ECBC-0413-4E34-B06F-063961C6CC2D}.Debug|Any CPU.ActiveCfg = Debug|Any CPU
		{6582ECBC-0413-4E34-B06F-063961C6CC2D}.Debug|Any CPU.Build.0 = Debug|Any CPU
		{6582ECBC-0413-4E34-B06F-063961C6CC2D}.Release|Any CPU.ActiveCfg = Release|Any CPU
		{6582ECBC-0413-4E34-B06F-063961C6CC2D}.Release|Any CPU.Build.0 = Release|Any CPU
	EndGlobalSection
	GlobalSection(SolutionProperties) = preSolution
		HideSolutionNode = FALSE
	EndGlobalSection
	GlobalSection(ExtensibilityGlobals) = postSolution
		SolutionGuid = {2062A510-2D20-48BF-A5F4-40267B0C2646}
	EndGlobalSection
EndGlobal
